{
  "version": 4,
  "terraform_version": "1.4.4",
  "serial": 8,
  "lineage": "d9935a1e-7b76-bfca-2b40-aebe5eb1870f",
  "outputs": {},
  "resources": [
    {
      "mode": "managed",
      "type": "aws_vpc",
      "name": "myvpc",
      "provider": "provider[\"registry.terraform.io/hashicorp/aws\"]",
      "instances": [
        {
          "schema_version": 1,
          "attributes": {
            "arn": "arn:aws:ec2:us-east-1:243324621241:vpc/vpc-01473866548be693a",
            "assign_generated_ipv6_cidr_block": false,
            "cidr_block": "10.0.0.0/16",
            "default_network_acl_id": "acl-04857d68caa3a1b54",
            "default_route_table_id": "rtb-02ecdb3678dbd48df",
            "default_security_group_id": "sg-001ecdb5af6600937",
            "dhcp_options_id": "dopt-023db81bc53c74dab",
            "enable_classiclink": false,
            "enable_classiclink_dns_support": false,
            "enable_dns_hostnames": true,
            "enable_dns_support": true,
            "enable_network_address_usage_metrics": false,
            "id": "vpc-01473866548be693a",
            "instance_tenancy": "default",
            "ipv4_ipam_pool_id": null,
            "ipv4_netmask_length": null,
            "ipv6_association_id": "",
            "ipv6_cidr_block": "",
            "ipv6_cidr_block_network_border_group": "",
            "ipv6_ipam_pool_id": "",
            "ipv6_netmask_length": 0,
            "main_route_table_id": "rtb-02ecdb3678dbd48df",
            "owner_id": "243324621241",
            "tags": {
              "Name": "vpc_test"
            },
            "tags_all": {
              "Name": "vpc_test"
            }
          },
          "sensitive_attributes": [],
          "private": "eyJzY2hlbWFfdmVyc2lvbiI6IjEifQ=="
        }
      ]
    }
  ],
  "check_results": null
}
